
Microsoft Visual Studio Solution File, Format Version 12.00
# Visual Studio Version 16
VisualStudioVersion = 16.0.30804.86
MinimumVisualStudioVersion = 10.0.40219.1
Project("{9A19103F-16F7-4668-BE54-9A1E7A4F7556}") = "HW21 MVC", "HW21 MVC\HW21 MVC.csproj", "{CF1D5553-5030-4C16-94A8-8E82753D9CDA}"
EndProject
Global
	GlobalSection(SolutionConfigurationPlatforms) = preSolution
		Debug|Any CPU = Debug|Any CPU
		Release|Any CPU = Release|Any CPU
	EndGlobalSection
	GlobalSection(ProjectConfigurationPlatforms) = postSolution
		{CF1D5553-5030-4C16-94A8-8E82753D9CDA}.Debug|Any CPU.ActiveCfg = Debug|Any CPU
		{CF1D5553-5030-4C16-94A8-8E82753D9CDA}.Debug|Any CPU.Build.0 = Debug|Any CPU
		{CF1D5553-5030-4C16-94A8-8E82753D9CDA}.Release|Any CPU.ActiveCfg = Release|Any CPU
		{CF1D5553-5030-4C16-94A8-8E82753D9CDA}.Release|Any CPU.Build.0 = Release|Any CPU
	EndGlobalSection
	GlobalSection(SolutionProperties) = preSolution
		HideSolutionNode = FALSE
	EndGlobalSection
	GlobalSection(ExtensibilityGlobals) = postSolution
		SolutionGuid = {FA9E5E41-1FFE-46D9-8775-99CE9B54805C}
	EndGlobalSection
EndGlobal
